
Microsoft Visual Studio Solution File, Format Version 12.00
# Visual Studio Version 17
VisualStudioVersion = 17.7.34202.233
MinimumVisualStudioVersion = 10.0.40219.1
Project("{FAE04EC0-301F-11D3-BF4B-00C04F79EFBC}") = "olesine", "olesine\olesine.csproj", "{2DDF568B-1543-4B48-A4F6-FF5DF40E34F5}"
EndProject
Global
	GlobalSection(SolutionConfigurationPlatforms) = preSolution
		Debug|Any CPU = Debug|Any CPU
		Release|Any CPU = Release|Any CPU
	EndGlobalSection
	GlobalSection(ProjectConfigurationPlatforms) = postSolution
		{2DDF568B-1543-4B48-A4F6-FF5DF40E34F5}.Debug|Any CPU.ActiveCfg = Debug|Any CPU
		{2DDF568B-1543-4B48-A4F6-FF5DF40E34F5}.Debug|Any CPU.Build.0 = Debug|Any CPU
		{2DDF568B-1543-4B48-A4F6-FF5DF40E34F5}.Release|Any CPU.ActiveCfg = Release|Any CPU
		{2DDF568B-1543-4B48-A4F6-FF5DF40E34F5}.Release|Any CPU.Build.0 = Release|Any CPU
	EndGlobalSection
	GlobalSection(SolutionProperties) = preSolution
		HideSolutionNode = FALSE
	EndGlobalSection
	GlobalSection(ExtensibilityGlobals) = postSolution
		SolutionGuid = {76D1F8B4-3721-4B48-9228-7AEFA8DC8B09}
	EndGlobalSection
EndGlobal
